Microsoft Visual Studio Solution File, Format Version 12.00
# Visual Studio Version 17
VisualStudioVersion = 17.1.32228.430
MinimumVisualStudioVersion = 10.0.40219.1
Project("{2150E333-8FDC-42A3-9474-1A3956D46DE8}") = "Common", "Common", "{8DC593DB-6517-42F2-BDC2-5549ED67364F}"
EndProject
Project("{2150E333-8FDC-42A3-9474-1A3956D46DE8}") = "Core", "Core", "{6E156EB8-4D9A-4FCE-A705-F0C0E7CC85A9}"
EndProject
Project("{2150E333-8FDC-42A3-9474-1A3956D46DE8}") = "Infrastructure", "Infrastructure", "{ADA1F852-2869-4489-A9B5-F7DB02C35533}"
EndProject
Project("{2150E333-8FDC-42A3-9474-1A3956D46DE8}") = "Presentation", "Presentation", "{B718B837-2F27-40D7-99CC-4BFBDBC3F544}"
EndProject
Project("{9A19103F-16F7-4668-BE54-9A1E7A4F7556}") = "OracleCMS.CarStocks.Core", "OracleCMS.CarStocks.Core\OracleCMS.CarStocks.Core.csproj", "{F26054B8-7E30-4D59-9767-5E226907BC49}"
EndProject
Project("{9A19103F-16F7-4668-BE54-9A1E7A4F7556}") = "OracleCMS.CarStocks.Infrastructure", "OracleCMS.CarStocks.Infrastructure\OracleCMS.CarStocks.Infrastructure.csproj", "{9D8AB462-E4BD-4782-9CC3-9796A59450A7}"
EndProject
Project("{9A19103F-16F7-4668-BE54-9A1E7A4F7556}") = "OracleCMS.CarStocks.Application", "OracleCMS.CarStocks.Application\OracleCMS.CarStocks.Application.csproj", "{8E4C37A3-B646-4A9B-B535-860D1CC550A7}"
EndProject
Project("{9A19103F-16F7-4668-BE54-9A1E7A4F7556}") = "OracleCMS.CarStocks.Web", "OracleCMS.CarStocks.Web\OracleCMS.CarStocks.Web.csproj", "{7E3752BD-4020-4488-B037-582EF3B206D9}"
EndProject
Project("{9A19103F-16F7-4668-BE54-9A1E7A4F7556}") = "OracleCMS.CarStocks.API", "OracleCMS.CarStocks.API\OracleCMS.CarStocks.API.csproj", "{1CC3EAFC-F483-431D-82A4-9C2BC852E861}"
EndProject
Project("{9A19103F-16F7-4668-BE54-9A1E7A4F7556}") = "OracleCMS.Common.Services.Shared", "OracleCMS.Common.Services.Shared\OracleCMS.Common.Services.Shared.csproj", "{6011B280-C846-4B61-887C-58168D3F9939}"
EndProject
Project("{9A19103F-16F7-4668-BE54-9A1E7A4F7556}") = "OracleCMS.Common.Utility", "OracleCMS.Common.Utility\OracleCMS.Common.Utility.csproj", "{8DC22123-E310-4CE2-BE21-43F229B25295}"
EndProject
Project("{9A19103F-16F7-4668-BE54-9A1E7A4F7556}") = "OracleCMS.Common.Web.Utility", "OracleCMS.Common.Web.Utility\OracleCMS.Common.Web.Utility.csproj", "{F3C619DC-F575-4C17-BFAF-FC67D2D308CC}"
EndProject
Project("{9A19103F-16F7-4668-BE54-9A1E7A4F7556}") = "OracleCMS.Common.Core", "OracleCMS.Common.Core\OracleCMS.Common.Core.csproj", "{F378F277-6D22-4162-AA7F-0ADB420D18FD}"
EndProject
Project("{9A19103F-16F7-4668-BE54-9A1E7A4F7556}") = "OracleCMS.Common.Core.Base", "OracleCMS.Common.Core.Base\OracleCMS.Common.Core.Base.csproj", "{B2D0758C-AF7B-4E99-BF1A-636B49B43655}"
EndProject
Project("{9A19103F-16F7-4668-BE54-9A1E7A4F7556}") = "OracleCMS.Common.Data", "OracleCMS.Common.Data\OracleCMS.Common.Data.csproj", "{DE9D4D14-3C2A-4F00-9D8B-471EFB9C9152}"
EndProject
Project("{9A19103F-16F7-4668-BE54-9A1E7A4F7556}") = "OracleCMS.Common.Identity.Abstractions", "OracleCMS.Common.Identity.Abstractions\OracleCMS.Common.Identity.Abstractions.csproj", "{7BF896DD-526C-48F7-B7CA-7E26EA95CD71}"
EndProject
Project("{9A19103F-16F7-4668-BE54-9A1E7A4F7556}") = "OracleCMS.Common.API", "OracleCMS.Common.API\OracleCMS.Common.API.csproj", "{A4E44861-E1D8-4111-B34E-797DB321F693}"
EndProject
Project("{9A19103F-16F7-4668-BE54-9A1E7A4F7556}") = "OracleCMS.CarStocks.EmailSending", "OracleCMS.CarStocks.EmailSending\OracleCMS.CarStocks.EmailSending.csproj", "{B50CFBDB-36A4-4170-8261-EC0D79E7A6E9}"
EndProject
Project("{9A19103F-16F7-4668-BE54-9A1E7A4F7556}") = "OracleCMS.CarStocks.ExcelProcessor", "OracleCMS.CarStocks.ExcelProcessor\OracleCMS.CarStocks.ExcelProcessor.csproj", "{1E667022-AE3F-4C27-8468-2AC5A45F7FA1}"
EndProject
Project("{9A19103F-16F7-4668-BE54-9A1E7A4F7556}") = "OracleCMS.CarStocks.Scheduler", "OracleCMS.CarStocks.Scheduler\OracleCMS.CarStocks.Scheduler.csproj", "{D7E66AFB-562C-423A-BF36-232F7B8C2523}"
EndProject
Project("{2150E333-8FDC-42A3-9474-1A3956D46DE8}") = "Solution Items", "Solution Items", "{93924D64-6980-4F6F-ADD5-F96D94D39BAD}"
	ProjectSection(SolutionItems) = preProject
		azure-pipelines-api.yml = azure-pipelines-api.yml
		azure-pipelines.yml = azure-pipelines.yml
		docker-compose.yml = docker-compose.yml
		Dockerfile-API = Dockerfile-API
		Dockerfile-Web = Dockerfile-Web
		README.md = README.md
	EndProjectSection
EndProject
Project("{9A19103F-16F7-4668-BE54-9A1E7A4F7556}") = "OracleCMS.CarStocks.ChatGPT", "OracleCMS.CarStocks.ChatGPT\OracleCMS.CarStocks.ChatGPT.csproj", "{24DD1683-5DE3-4D07-BB0F-9B82EF7658CF}"
EndProject
Global
	GlobalSection(SolutionConfigurationPlatforms) = preSolution
		Debug|Any CPU = Debug|Any CPU
		Release|Any CPU = Release|Any CPU
	EndGlobalSection
	GlobalSection(ProjectConfigurationPlatforms) = postSolution
		{F26054B8-7E30-4D59-9767-5E226907BC49}.Debug|Any CPU.ActiveCfg = Debug|Any CPU
		{F26054B8-7E30-4D59-9767-5E226907BC49}.Debug|Any CPU.Build.0 = Debug|Any CPU
		{F26054B8-7E30-4D59-9767-5E226907BC49}.Release|Any CPU.ActiveCfg = Release|Any CPU
		{F26054B8-7E30-4D59-9767-5E226907BC49}.Release|Any CPU.Build.0 = Release|Any CPU
		{9D8AB462-E4BD-4782-9CC3-9796A59450A7}.Debug|Any CPU.ActiveCfg = Debug|Any CPU
		{9D8AB462-E4BD-4782-9CC3-9796A59450A7}.Debug|Any CPU.Build.0 = Debug|Any CPU
		{9D8AB462-E4BD-4782-9CC3-9796A59450A7}.Release|Any CPU.ActiveCfg = Release|Any CPU
		{9D8AB462-E4BD-4782-9CC3-9796A59450A7}.Release|Any CPU.Build.0 = Release|Any CPU
		{8E4C37A3-B646-4A9B-B535-860D1CC550A7}.Debug|Any CPU.ActiveCfg = Debug|Any CPU
		{8E4C37A3-B646-4A9B-B535-860D1CC550A7}.Debug|Any CPU.Build.0 = Debug|Any CPU
		{8E4C37A3-B646-4A9B-B535-860D1CC550A7}.Release|Any CPU.ActiveCfg = Release|Any CPU
		{8E4C37A3-B646-4A9B-B535-860D1CC550A7}.Release|Any CPU.Build.0 = Release|Any CPU
		{7E3752BD-4020-4488-B037-582EF3B206D9}.Debug|Any CPU.ActiveCfg = Debug|Any CPU
		{7E3752BD-4020-4488-B037-582EF3B206D9}.Debug|Any CPU.Build.0 = Debug|Any CPU
		{7E3752BD-4020-4488-B037-582EF3B206D9}.Release|Any CPU.ActiveCfg = Release|Any CPU
		{7E3752BD-4020-4488-B037-582EF3B206D9}.Release|Any CPU.Build.0 = Release|Any CPU
		{1CC3EAFC-F483-431D-82A4-9C2BC852E861}.Debug|Any CPU.ActiveCfg = Debug|Any CPU
		{1CC3EAFC-F483-431D-82A4-9C2BC852E861}.Debug|Any CPU.Build.0 = Debug|Any CPU
		{1CC3EAFC-F483-431D-82A4-9C2BC852E861}.Release|Any CPU.ActiveCfg = Release|Any CPU
		{1CC3EAFC-F483-431D-82A4-9C2BC852E861}.Release|Any CPU.Build.0 = Release|Any CPU
		{6011B280-C846-4B61-887C-58168D3F9939}.Debug|Any CPU.ActiveCfg = Debug|Any CPU
		{6011B280-C846-4B61-887C-58168D3F9939}.Debug|Any CPU.Build.0 = Debug|Any CPU
		{6011B280-C846-4B61-887C-58168D3F9939}.Release|Any CPU.ActiveCfg = Release|Any CPU
		{6011B280-C846-4B61-887C-58168D3F9939}.Release|Any CPU.Build.0 = Release|Any CPU
		{8DC22123-E310-4CE2-BE21-43F229B25295}.Debug|Any CPU.ActiveCfg = Debug|Any CPU
		{8DC22123-E310-4CE2-BE21-43F229B25295}.Debug|Any CPU.Build.0 = Debug|Any CPU
		{8DC22123-E310-4CE2-BE21-43F229B25295}.Release|Any CPU.ActiveCfg = Release|Any CPU
		{8DC22123-E310-4CE2-BE21-43F229B25295}.Release|Any CPU.Build.0 = Release|Any CPU
		{F3C619DC-F575-4C17-BFAF-FC67D2D308CC}.Debug|Any CPU.ActiveCfg = Debug|Any CPU
		{F3C619DC-F575-4C17-BFAF-FC67D2D308CC}.Debug|Any CPU.Build.0 = Debug|Any CPU
		{F3C619DC-F575-4C17-BFAF-FC67D2D308CC}.Release|Any CPU.ActiveCfg = Release|Any CPU
		{F3C619DC-F575-4C17-BFAF-FC67D2D308CC}.Release|Any CPU.Build.0 = Release|Any CPU
		{F378F277-6D22-4162-AA7F-0ADB420D18FD}.Debug|Any CPU.ActiveCfg = Debug|Any CPU
		{F378F277-6D22-4162-AA7F-0ADB420D18FD}.Debug|Any CPU.Build.0 = Debug|Any CPU
		{F378F277-6D22-4162-AA7F-0ADB420D18FD}.Release|Any CPU.ActiveCfg = Release|Any CPU
		{F378F277-6D22-4162-AA7F-0ADB420D18FD}.Release|Any CPU.Build.0 = Release|Any CPU
		{B2D0758C-AF7B-4E99-BF1A-636B49B43655}.Debug|Any CPU.ActiveCfg = Debug|Any CPU
		{B2D0758C-AF7B-4E99-BF1A-636B49B43655}.Debug|Any CPU.Build.0 = Debug|Any CPU
		{B2D0758C-AF7B-4E99-BF1A-636B49B43655}.Release|Any CPU.ActiveCfg = Release|Any CPU
		{B2D0758C-AF7B-4E99-BF1A-636B49B43655}.Release|Any CPU.Build.0 = Release|Any CPU
		{DE9D4D14-3C2A-4F00-9D8B-471EFB9C9152}.Debug|Any CPU.ActiveCfg = Debug|Any CPU
		{DE9D4D14-3C2A-4F00-9D8B-471EFB9C9152}.Debug|Any CPU.Build.0 = Debug|Any CPU
		{DE9D4D14-3C2A-4F00-9D8B-471EFB9C9152}.Release|Any CPU.ActiveCfg = Release|Any CPU
		{DE9D4D14-3C2A-4F00-9D8B-471EFB9C9152}.Release|Any CPU.Build.0 = Release|Any CPU
		{7BF896DD-526C-48F7-B7CA-7E26EA95CD71}.Debug|Any CPU.ActiveCfg = Debug|Any CPU
		{7BF896DD-526C-48F7-B7CA-7E26EA95CD71}.Debug|Any CPU.Build.0 = Debug|Any CPU
		{7BF896DD-526C-48F7-B7CA-7E26EA95CD71}.Release|Any CPU.ActiveCfg = Release|Any CPU
		{7BF896DD-526C-48F7-B7CA-7E26EA95CD71}.Release|Any CPU.Build.0 = Release|Any CPU
		{A4E44861-E1D8-4111-B34E-797DB321F693}.Debug|Any CPU.ActiveCfg = Debug|Any CPU
		{A4E44861-E1D8-4111-B34E-797DB321F693}.Debug|Any CPU.Build.0 = Debug|Any CPU
		{A4E44861-E1D8-4111-B34E-797DB321F693}.Release|Any CPU.ActiveCfg = Release|Any CPU
		{A4E44861-E1D8-4111-B34E-797DB321F693}.Release|Any CPU.Build.0 = Release|Any CPU
		{B50CFBDB-36A4-4170-8261-EC0D79E7A6E9}.Debug|Any CPU.ActiveCfg = Debug|Any CPU
		{B50CFBDB-36A4-4170-8261-EC0D79E7A6E9}.Debug|Any CPU.Build.0 = Debug|Any CPU
		{B50CFBDB-36A4-4170-8261-EC0D79E7A6E9}.Release|Any CPU.ActiveCfg = Release|Any CPU
		{B50CFBDB-36A4-4170-8261-EC0D79E7A6E9}.Release|Any CPU.Build.0 = Release|Any CPU
		{1E667022-AE3F-4C27-8468-2AC5A45F7FA1}.Debug|Any CPU.ActiveCfg = Debug|Any CPU
		{1E667022-AE3F-4C27-8468-2AC5A45F7FA1}.Debug|Any CPU.Build.0 = Debug|Any CPU
		{1E667022-AE3F-4C27-8468-2AC5A45F7FA1}.Release|Any CPU.ActiveCfg = Release|Any CPU
		{1E667022-AE3F-4C27-8468-2AC5A45F7FA1}.Release|Any CPU.Build.0 = Release|Any CPU
		{D7E66AFB-562C-423A-BF36-232F7B8C2523}.Debug|Any CPU.ActiveCfg = Debug|Any CPU
		{D7E66AFB-562C-423A-BF36-232F7B8C2523}.Debug|Any CPU.Build.0 = Debug|Any CPU
		{D7E66AFB-562C-423A-BF36-232F7B8C2523}.Release|Any CPU.ActiveCfg = Release|Any CPU
		{D7E66AFB-562C-423A-BF36-232F7B8C2523}.Release|Any CPU.Build.0 = Release|Any CPU
		{24DD1683-5DE3-4D07-BB0F-9B82EF7658CF}.Debug|Any CPU.ActiveCfg = Debug|Any CPU
		{24DD1683-5DE3-4D07-BB0F-9B82EF7658CF}.Debug|Any CPU.Build.0 = Debug|Any CPU
		{24DD1683-5DE3-4D07-BB0F-9B82EF7658CF}.Release|Any CPU.ActiveCfg = Release|Any CPU
		{24DD1683-5DE3-4D07-BB0F-9B82EF7658CF}.Release|Any CPU.Build.0 = Release|Any CPU
	EndGlobalSection
	GlobalSection(SolutionProperties) = preSolution
		HideSolutionNode = FALSE
	EndGlobalSection
	GlobalSection(NestedProjects) = preSolution
		{F26054B8-7E30-4D59-9767-5E226907BC49} = {6E156EB8-4D9A-4FCE-A705-F0C0E7CC85A9}
		{9D8AB462-E4BD-4782-9CC3-9796A59450A7} = {ADA1F852-2869-4489-A9B5-F7DB02C35533}
		{8E4C37A3-B646-4A9B-B535-860D1CC550A7} = {6E156EB8-4D9A-4FCE-A705-F0C0E7CC85A9}
		{7E3752BD-4020-4488-B037-582EF3B206D9} = {B718B837-2F27-40D7-99CC-4BFBDBC3F544}
		{1CC3EAFC-F483-431D-82A4-9C2BC852E861} = {B718B837-2F27-40D7-99CC-4BFBDBC3F544}
		{6011B280-C846-4B61-887C-58168D3F9939} = {8DC593DB-6517-42F2-BDC2-5549ED67364F}
		{8DC22123-E310-4CE2-BE21-43F229B25295} = {8DC593DB-6517-42F2-BDC2-5549ED67364F}
		{F3C619DC-F575-4C17-BFAF-FC67D2D308CC} = {8DC593DB-6517-42F2-BDC2-5549ED67364F}
		{F378F277-6D22-4162-AA7F-0ADB420D18FD} = {8DC593DB-6517-42F2-BDC2-5549ED67364F}
		{B2D0758C-AF7B-4E99-BF1A-636B49B43655} = {8DC593DB-6517-42F2-BDC2-5549ED67364F}
		{DE9D4D14-3C2A-4F00-9D8B-471EFB9C9152} = {8DC593DB-6517-42F2-BDC2-5549ED67364F}
		{7BF896DD-526C-48F7-B7CA-7E26EA95CD71} = {8DC593DB-6517-42F2-BDC2-5549ED67364F}
		{A4E44861-E1D8-4111-B34E-797DB321F693} = {8DC593DB-6517-42F2-BDC2-5549ED67364F}
		{B50CFBDB-36A4-4170-8261-EC0D79E7A6E9} = {ADA1F852-2869-4489-A9B5-F7DB02C35533}
		{1E667022-AE3F-4C27-8468-2AC5A45F7FA1} = {ADA1F852-2869-4489-A9B5-F7DB02C35533}
		{D7E66AFB-562C-423A-BF36-232F7B8C2523} = {ADA1F852-2869-4489-A9B5-F7DB02C35533}
		{24DD1683-5DE3-4D07-BB0F-9B82EF7658CF} = {ADA1F852-2869-4489-A9B5-F7DB02C35533}
	EndGlobalSection
	GlobalSection(ExtensibilityGlobals) = postSolution
		SolutionGuid = {C1C54C96-6B92-4691-ABC9-019644F5A481}
	EndGlobalSection
EndGlobal
